
Microsoft Visual Studio Solution File, Format Version 12.00
# Visual Studio Version 16
VisualStudioVersion = 16.0.31702.278
MinimumVisualStudioVersion = 10.0.40219.1
Project("{FAE04EC0-301F-11D3-BF4B-00C04F79EFBC}") = "SQLParserN", "SQLParserN\SQLParserN.csproj", "{92040E8C-C2FE-4A5F-8035-2047933F91F9}"
EndProject
Global
	GlobalSection(SolutionConfigurationPlatforms) = preSolution
		Debug|Any CPU = Debug|Any CPU
		Release|Any CPU = Release|Any CPU
	EndGlobalSection
	GlobalSection(ProjectConfigurationPlatforms) = postSolution
		{92040E8C-C2FE-4A5F-8035-2047933F91F9}.Debug|Any CPU.ActiveCfg = Debug|Any CPU
		{92040E8C-C2FE-4A5F-8035-2047933F91F9}.Debug|Any CPU.Build.0 = Debug|Any CPU
		{92040E8C-C2FE-4A5F-8035-2047933F91F9}.Release|Any CPU.ActiveCfg = Release|Any CPU
		{92040E8C-C2FE-4A5F-8035-2047933F91F9}.Release|Any CPU.Build.0 = Release|Any CPU
	EndGlobalSection
	GlobalSection(SolutionProperties) = preSolution
		HideSolutionNode = FALSE
	EndGlobalSection
	GlobalSection(ExtensibilityGlobals) = postSolution
		SolutionGuid = {5530B2E8-D440-4839-AB00-A240BEF02657}
	EndGlobalSection
EndGlobal
